
Microsoft Visual Studio Solution File, Format Version 12.00
# Visual Studio 14
VisualStudioVersion = 14.0.25123.0
MinimumVisualStudioVersion = 10.0.40219.1
Project("{FAE04EC0-301F-11D3-BF4B-00C04F79EFBC}") = "Calculadora", "ConsoleApplication6\Calculadora.csproj", "{CCD8A2F4-F941-49DF-80A8-69BBF0A03CAD}"
EndProject
Global
	GlobalSection(SolutionConfigurationPlatforms) = preSolution
		Debug|Any CPU = Debug|Any CPU
		Release|Any CPU = Release|Any CPU
	EndGlobalSection
	GlobalSection(ProjectConfigurationPlatforms) = postSolution
		{CCD8A2F4-F941-49DF-80A8-69BBF0A03CAD}.Debug|Any CPU.ActiveCfg = Debug|Any CPU
		{CCD8A2F4-F941-49DF-80A8-69BBF0A03CAD}.Debug|Any CPU.Build.0 = Debug|Any CPU
		{CCD8A2F4-F941-49DF-80A8-69BBF0A03CAD}.Release|Any CPU.ActiveCfg = Release|Any CPU
		{CCD8A2F4-F941-49DF-80A8-69BBF0A03CAD}.Release|Any CPU.Build.0 = Release|Any CPU
	EndGlobalSection
	GlobalSection(SolutionProperties) = preSolution
		HideSolutionNode = FALSE
	EndGlobalSection
EndGlobal
